{
  "name": "html2mithril",
  "version": "1.0.0",
  "lockfileVersion": 1,
  "requires": true,
  "dependencies": {
    "jsdom-global": {
      "version": "3.0.2",
      "resolved": "https://registry.npmjs.org/jsdom-global/-/jsdom-global-3.0.2.tgz",
      "integrity": "sha1-a9KZwTsMRiay2iwDk81DhdYGrLk="
    },
    "xmldom": {
      "version": "0.1.27",
      "resolved": "https://registry.npmjs.org/xmldom/-/xmldom-0.1.27.tgz",
      "integrity": "sha1-1QH5ezvbQDr4757MIFcxh6rawOk="
    }
  }
}
